
Microsoft Visual Studio Solution File, Format Version 12.00
# Visual Studio Version 16
VisualStudioVersion = 16.0.32002.261
MinimumVisualStudioVersion = 10.0.40219.1
Project("{9A19103F-16F7-4668-BE54-9A1E7A4F7556}") = "BookStore", "BookStore\BookStore.csproj", "{376A4558-EF85-4E24-87BE-5FAD579F4180}"
EndProject
Global
	GlobalSection(SolutionConfigurationPlatforms) = preSolution
		Debug|Any CPU = Debug|Any CPU
		Release|Any CPU = Release|Any CPU
	EndGlobalSection
	GlobalSection(ProjectConfigurationPlatforms) = postSolution
		{376A4558-EF85-4E24-87BE-5FAD579F4180}.Debug|Any CPU.ActiveCfg = Debug|Any CPU
		{376A4558-EF85-4E24-87BE-5FAD579F4180}.Debug|Any CPU.Build.0 = Debug|Any CPU
		{376A4558-EF85-4E24-87BE-5FAD579F4180}.Release|Any CPU.ActiveCfg = Release|Any CPU
		{376A4558-EF85-4E24-87BE-5FAD579F4180}.Release|Any CPU.Build.0 = Release|Any CPU
	EndGlobalSection
	GlobalSection(SolutionProperties) = preSolution
		HideSolutionNode = FALSE
	EndGlobalSection
	GlobalSection(ExtensibilityGlobals) = postSolution
		SolutionGuid = {3F1D627A-D530-4AA1-A302-79A884D2A948}
	EndGlobalSection
EndGlobal
